
Microsoft Visual Studio Solution File, Format Version 12.00
# Visual Studio 15
VisualStudioVersion = 15.0.27703.2042
MinimumVisualStudioVersion = 10.0.40219.1
Project("{9A19103F-16F7-4668-BE54-9A1E7A4F7556}") = "inc.core", "inc.core\inc.core.csproj", "{C0D73C11-B097-48D6-B73F-863AA24FC754}"
EndProject
Project("{2150E333-8FDC-42A3-9474-1A3956D46DE8}") = "protocols", "protocols", "{BDEC20F6-730B-49E2-ADF4-1A0566D91C9E}"
EndProject
Project("{2150E333-8FDC-42A3-9474-1A3956D46DE8}") = "plcs", "plcs", "{1E1FC5A1-E98C-45CB-BD29-06667F9D39EA}"
EndProject
Project("{9A19103F-16F7-4668-BE54-9A1E7A4F7556}") = "inc.plcs.omron", "inc.plcs.omron\inc.plcs.omron.csproj", "{955D45A3-903A-4F79-8BA7-CE8D3EBE1E89}"
EndProject
Project("{9A19103F-16F7-4668-BE54-9A1E7A4F7556}") = "inc.protocols.modbus", "inc.protocols.modbus\inc.protocols.modbus.csproj", "{0AA52E46-3A00-4F59-A4E6-7A34608871D6}"
EndProject
Project("{9A19103F-16F7-4668-BE54-9A1E7A4F7556}") = "inc.protocols.mc", "inc.protocols.mc\inc.protocols.mc.csproj", "{B11C29A7-5D95-4417-8FF1-35B209635971}"
EndProject
Project("{9A19103F-16F7-4668-BE54-9A1E7A4F7556}") = "inc.protocols.ethernetip", "inc.protocols.ethernetip\inc.protocols.ethernetip.csproj", "{6E656C67-0840-4FF8-89E5-F97CDFBA804B}"
EndProject
Project("{9A19103F-16F7-4668-BE54-9A1E7A4F7556}") = "inc.protocols.finsnet", "inc.protocols.finsnet\inc.protocols.finsnet.csproj", "{AC456AAC-E19A-4E0B-87FC-D42757881FDB}"
EndProject
Global
	GlobalSection(SolutionConfigurationPlatforms) = preSolution
		Debug|Any CPU = Debug|Any CPU
		Release|Any CPU = Release|Any CPU
	EndGlobalSection
	GlobalSection(ProjectConfigurationPlatforms) = postSolution
		{C0D73C11-B097-48D6-B73F-863AA24FC754}.Debug|Any CPU.ActiveCfg = Debug|Any CPU
		{C0D73C11-B097-48D6-B73F-863AA24FC754}.Debug|Any CPU.Build.0 = Debug|Any CPU
		{C0D73C11-B097-48D6-B73F-863AA24FC754}.Release|Any CPU.ActiveCfg = Release|Any CPU
		{C0D73C11-B097-48D6-B73F-863AA24FC754}.Release|Any CPU.Build.0 = Release|Any CPU
		{955D45A3-903A-4F79-8BA7-CE8D3EBE1E89}.Debug|Any CPU.ActiveCfg = Debug|Any CPU
		{955D45A3-903A-4F79-8BA7-CE8D3EBE1E89}.Debug|Any CPU.Build.0 = Debug|Any CPU
		{955D45A3-903A-4F79-8BA7-CE8D3EBE1E89}.Release|Any CPU.ActiveCfg = Release|Any CPU
		{955D45A3-903A-4F79-8BA7-CE8D3EBE1E89}.Release|Any CPU.Build.0 = Release|Any CPU
		{0AA52E46-3A00-4F59-A4E6-7A34608871D6}.Debug|Any CPU.ActiveCfg = Debug|Any CPU
		{0AA52E46-3A00-4F59-A4E6-7A34608871D6}.Debug|Any CPU.Build.0 = Debug|Any CPU
		{0AA52E46-3A00-4F59-A4E6-7A34608871D6}.Release|Any CPU.ActiveCfg = Release|Any CPU
		{0AA52E46-3A00-4F59-A4E6-7A34608871D6}.Release|Any CPU.Build.0 = Release|Any CPU
		{B11C29A7-5D95-4417-8FF1-35B209635971}.Debug|Any CPU.ActiveCfg = Debug|Any CPU
		{B11C29A7-5D95-4417-8FF1-35B209635971}.Debug|Any CPU.Build.0 = Debug|Any CPU
		{B11C29A7-5D95-4417-8FF1-35B209635971}.Release|Any CPU.ActiveCfg = Release|Any CPU
		{B11C29A7-5D95-4417-8FF1-35B209635971}.Release|Any CPU.Build.0 = Release|Any CPU
		{6E656C67-0840-4FF8-89E5-F97CDFBA804B}.Debug|Any CPU.ActiveCfg = Debug|Any CPU
		{6E656C67-0840-4FF8-89E5-F97CDFBA804B}.Debug|Any CPU.Build.0 = Debug|Any CPU
		{6E656C67-0840-4FF8-89E5-F97CDFBA804B}.Release|Any CPU.ActiveCfg = Release|Any CPU
		{6E656C67-0840-4FF8-89E5-F97CDFBA804B}.Release|Any CPU.Build.0 = Release|Any CPU
		{AC456AAC-E19A-4E0B-87FC-D42757881FDB}.Debug|Any CPU.ActiveCfg = Debug|Any CPU
		{AC456AAC-E19A-4E0B-87FC-D42757881FDB}.Debug|Any CPU.Build.0 = Debug|Any CPU
		{AC456AAC-E19A-4E0B-87FC-D42757881FDB}.Release|Any CPU.ActiveCfg = Release|Any CPU
		{AC456AAC-E19A-4E0B-87FC-D42757881FDB}.Release|Any CPU.Build.0 = Release|Any CPU
	EndGlobalSection
	GlobalSection(SolutionProperties) = preSolution
		HideSolutionNode = FALSE
	EndGlobalSection
	GlobalSection(NestedProjects) = preSolution
		{955D45A3-903A-4F79-8BA7-CE8D3EBE1E89} = {1E1FC5A1-E98C-45CB-BD29-06667F9D39EA}
		{0AA52E46-3A00-4F59-A4E6-7A34608871D6} = {BDEC20F6-730B-49E2-ADF4-1A0566D91C9E}
		{B11C29A7-5D95-4417-8FF1-35B209635971} = {BDEC20F6-730B-49E2-ADF4-1A0566D91C9E}
		{6E656C67-0840-4FF8-89E5-F97CDFBA804B} = {BDEC20F6-730B-49E2-ADF4-1A0566D91C9E}
		{AC456AAC-E19A-4E0B-87FC-D42757881FDB} = {BDEC20F6-730B-49E2-ADF4-1A0566D91C9E}
	EndGlobalSection
	GlobalSection(ExtensibilityGlobals) = postSolution
		SolutionGuid = {F40A5782-0217-430B-9CD6-74959ECE0B5E}
	EndGlobalSection
EndGlobal
